
Microsoft Visual Studio Solution File, Format Version 12.00
# Visual Studio Version 17
VisualStudioVersion = 17.1.32414.318
MinimumVisualStudioVersion = 10.0.40219.1
Project("{9A19103F-16F7-4668-BE54-9A1E7A4F7556}") = "norming_planing_wpf_core", "norming_planing_wpf_core\norming_planing_wpf_core.csproj", "{EBF31756-586B-42E0-94E1-6345AC7C6ED4}"
EndProject
Project("{FAE04EC0-301F-11D3-BF4B-00C04F79EFBC}") = "DXFTest", "DXFTest\DXFTest.csproj", "{1512005F-8387-4307-AD4F-CDC986F6035F}"
EndProject
Global
	GlobalSection(SolutionConfigurationPlatforms) = preSolution
		Debug|Any CPU = Debug|Any CPU
		Release|Any CPU = Release|Any CPU
	EndGlobalSection
	GlobalSection(ProjectConfigurationPlatforms) = postSolution
		{EBF31756-586B-42E0-94E1-6345AC7C6ED4}.Debug|Any CPU.ActiveCfg = Debug|Any CPU
		{EBF31756-586B-42E0-94E1-6345AC7C6ED4}.Debug|Any CPU.Build.0 = Debug|Any CPU
		{EBF31756-586B-42E0-94E1-6345AC7C6ED4}.Release|Any CPU.ActiveCfg = Release|Any CPU
		{EBF31756-586B-42E0-94E1-6345AC7C6ED4}.Release|Any CPU.Build.0 = Release|Any CPU
		{1512005F-8387-4307-AD4F-CDC986F6035F}.Debug|Any CPU.ActiveCfg = Debug|Any CPU
		{1512005F-8387-4307-AD4F-CDC986F6035F}.Debug|Any CPU.Build.0 = Debug|Any CPU
		{1512005F-8387-4307-AD4F-CDC986F6035F}.Release|Any CPU.ActiveCfg = Release|Any CPU
		{1512005F-8387-4307-AD4F-CDC986F6035F}.Release|Any CPU.Build.0 = Release|Any CPU
	EndGlobalSection
	GlobalSection(SolutionProperties) = preSolution
		HideSolutionNode = FALSE
	EndGlobalSection
	GlobalSection(ExtensibilityGlobals) = postSolution
		SolutionGuid = {A7025E2B-28CE-452A-8BB0-4337A1A8DD08}
	EndGlobalSection
EndGlobal
